
Microsoft Visual Studio Solution File, Format Version 12.00
# Visual Studio 15
VisualStudioVersion = 15.0.28307.1300
MinimumVisualStudioVersion = 10.0.40219.1
Project("{FAE04EC0-301F-11D3-BF4B-00C04F79EFBC}") = "RucoyOnlinePixelHunter", "RucoyOnlinePixelHunter\RucoyOnlinePixelHunter.csproj", "{C6687A42-3635-419C-A7D5-80DDBFB3AA4D}"
EndProject
Global
	GlobalSection(SolutionConfigurationPlatforms) = preSolution
		Debug|Any CPU = Debug|Any CPU
		Release|Any CPU = Release|Any CPU
	EndGlobalSection
	GlobalSection(ProjectConfigurationPlatforms) = postSolution
		{C6687A42-3635-419C-A7D5-80DDBFB3AA4D}.Debug|Any CPU.ActiveCfg = Debug|Any CPU
		{C6687A42-3635-419C-A7D5-80DDBFB3AA4D}.Debug|Any CPU.Build.0 = Debug|Any CPU
		{C6687A42-3635-419C-A7D5-80DDBFB3AA4D}.Release|Any CPU.ActiveCfg = Release|Any CPU
		{C6687A42-3635-419C-A7D5-80DDBFB3AA4D}.Release|Any CPU.Build.0 = Release|Any CPU
	EndGlobalSection
	GlobalSection(SolutionProperties) = preSolution
		HideSolutionNode = FALSE
	EndGlobalSection
	GlobalSection(ExtensibilityGlobals) = postSolution
		SolutionGuid = {8C123812-5B6F-4066-9A8D-CC5CF71D2804}
	EndGlobalSection
EndGlobal
